{
  "nodes": {
    "nixpkgs": {
      "locked": {
        "lastModified": 1749285348,
        "narHash": "sha256-frdhQvPbmDYaScPFiCnfdh3B/Vh81Uuoo0w5TkWmmjU=",
        "owner": "NixOS",
        "repo": "nixpkgs",
        "rev": "3e3afe5174c561dee0df6f2c2b2236990146329f",
        "type": "github"
      },
      "original": {
        "owner": "NixOS",
        "ref": "nixos-unstable",
        "repo": "nixpkgs",
        "type": "github"
      }
    },
    "nixpkgs_2": {
      "locked": {
        "lastModified": 315532800,
        "narHash": "sha256-lvaKRckKFtUXIQTiK1e/0JnZRlEm/y0olZwbkl8ArrY=",
        "rev": "08fcb0dcb59df0344652b38ea6326a2d8271baff",
        "type": "tarball",
        "url": "https://releases.nixos.org/nixpkgs/nixpkgs-25.11pre812400.08fcb0dcb59d/nixexprs.tar.xz?rev=08fcb0dcb59df0344652b38ea6326a2d8271baff"
      },
      "original": {
        "type": "tarball",
        "url": "https://channels.nixos.org/nixpkgs-unstable/nixexprs.tar.xz"
      }
    },
    "root": {
      "inputs": {
        "nixpkgs": "nixpkgs",
        "tgirlpkgs": "tgirlpkgs"
      }
    },
    "tgirlpkgs": {
      "inputs": {
        "nixpkgs": "nixpkgs_2"
      },
      "locked": {
        "lastModified": 1749480872,
        "narHash": "sha256-GgUlYAUprfe8aagQe+T05t8Tc79N1hS9TuG3WL7n4og=",
        "owner": "tgirlcloud",
        "repo": "pkgs",
        "rev": "8ff0a36c68d75da77265466729706c1639409d52",
        "type": "github"
      },
      "original": {
        "owner": "tgirlcloud",
        "repo": "pkgs",
        "type": "github"
      }
    }
  },
  "root": "root",
  "version": 7
}
